
Microsoft Visual Studio Solution File, Format Version 12.00
# Visual Studio Version 17
VisualStudioVersion = 17.3.32819.101
MinimumVisualStudioVersion = 10.0.40219.1
Project("{FAE04EC0-301F-11D3-BF4B-00C04F79EFBC}") = "EnterpriseNCC1701X", "EnterpriseNCC1701X.csproj", "{69D0B750-9343-49B5-9097-A6B0F27C6EAA}"
EndProject
Project("{FAE04EC0-301F-11D3-BF4B-00C04F79EFBC}") = "EnterpriseNCC1701X.Domain", "..\EnterpriseNCC1701X.Domain\EnterpriseNCC1701X.Domain.csproj", "{1EE6C8AA-D612-4CFB-900B-54ABF87DAE00}"
EndProject
Project("{FAE04EC0-301F-11D3-BF4B-00C04F79EFBC}") = "EnterpriseNCC1701X.EntityAccess", "..\EnterpriseNCC1701X.EntityAccess\EnterpriseNCC1701X.EntityAccess.csproj", "{6F264A3D-31E6-4183-B1CE-4438FF87F2AC}"
EndProject
Project("{FAE04EC0-301F-11D3-BF4B-00C04F79EFBC}") = "EnterpriseNCC1701X.PresentationLogic", "..\EnterpriseNCC1701X.PresentationLogic\EnterpriseNCC1701X.PresentationLogic.csproj", "{507AF0E0-E424-449E-A456-855F14D096AA}"
EndProject
Global
	GlobalSection(SolutionConfigurationPlatforms) = preSolution
		Debug|Any CPU = Debug|Any CPU
		Release|Any CPU = Release|Any CPU
	EndGlobalSection
	GlobalSection(ProjectConfigurationPlatforms) = postSolution
		{69D0B750-9343-49B5-9097-A6B0F27C6EAA}.Debug|Any CPU.ActiveCfg = Debug|Any CPU
		{69D0B750-9343-49B5-9097-A6B0F27C6EAA}.Debug|Any CPU.Build.0 = Debug|Any CPU
		{69D0B750-9343-49B5-9097-A6B0F27C6EAA}.Release|Any CPU.ActiveCfg = Release|Any CPU
		{69D0B750-9343-49B5-9097-A6B0F27C6EAA}.Release|Any CPU.Build.0 = Release|Any CPU
		{1EE6C8AA-D612-4CFB-900B-54ABF87DAE00}.Debug|Any CPU.ActiveCfg = Debug|Any CPU
		{1EE6C8AA-D612-4CFB-900B-54ABF87DAE00}.Debug|Any CPU.Build.0 = Debug|Any CPU
		{1EE6C8AA-D612-4CFB-900B-54ABF87DAE00}.Release|Any CPU.ActiveCfg = Release|Any CPU
		{1EE6C8AA-D612-4CFB-900B-54ABF87DAE00}.Release|Any CPU.Build.0 = Release|Any CPU
		{6F264A3D-31E6-4183-B1CE-4438FF87F2AC}.Debug|Any CPU.ActiveCfg = Debug|Any CPU
		{6F264A3D-31E6-4183-B1CE-4438FF87F2AC}.Debug|Any CPU.Build.0 = Debug|Any CPU
		{6F264A3D-31E6-4183-B1CE-4438FF87F2AC}.Release|Any CPU.ActiveCfg = Release|Any CPU
		{6F264A3D-31E6-4183-B1CE-4438FF87F2AC}.Release|Any CPU.Build.0 = Release|Any CPU
		{507AF0E0-E424-449E-A456-855F14D096AA}.Debug|Any CPU.ActiveCfg = Debug|Any CPU
		{507AF0E0-E424-449E-A456-855F14D096AA}.Debug|Any CPU.Build.0 = Debug|Any CPU
		{507AF0E0-E424-449E-A456-855F14D096AA}.Release|Any CPU.ActiveCfg = Release|Any CPU
		{507AF0E0-E424-449E-A456-855F14D096AA}.Release|Any CPU.Build.0 = Release|Any CPU
	EndGlobalSection
	GlobalSection(SolutionProperties) = preSolution
		HideSolutionNode = FALSE
	EndGlobalSection
	GlobalSection(ExtensibilityGlobals) = postSolution
		SolutionGuid = {5EF3C02E-8FE3-4D84-8BE8-32D2369DDFD5}
	EndGlobalSection
EndGlobal
